
Microsoft Visual Studio Solution File, Format Version 12.00
# Visual Studio Version 16
VisualStudioVersion = 16.0.33529.622
MinimumVisualStudioVersion = 10.0.40219.1
Project("{FAE04EC0-301F-11D3-BF4B-00C04F79EFBC}") = "Assignment01_230626", "Assignment01_230626\Assignment01_230626.csproj", "{3D090DA6-2C64-49C5-A5EA-1B3594E1DD1F}"
EndProject
Global
	GlobalSection(SolutionConfigurationPlatforms) = preSolution
		Debug|Any CPU = Debug|Any CPU
		Release|Any CPU = Release|Any CPU
	EndGlobalSection
	GlobalSection(ProjectConfigurationPlatforms) = postSolution
		{3D090DA6-2C64-49C5-A5EA-1B3594E1DD1F}.Debug|Any CPU.ActiveCfg = Debug|Any CPU
		{3D090DA6-2C64-49C5-A5EA-1B3594E1DD1F}.Debug|Any CPU.Build.0 = Debug|Any CPU
		{3D090DA6-2C64-49C5-A5EA-1B3594E1DD1F}.Release|Any CPU.ActiveCfg = Release|Any CPU
		{3D090DA6-2C64-49C5-A5EA-1B3594E1DD1F}.Release|Any CPU.Build.0 = Release|Any CPU
	EndGlobalSection
	GlobalSection(SolutionProperties) = preSolution
		HideSolutionNode = FALSE
	EndGlobalSection
	GlobalSection(ExtensibilityGlobals) = postSolution
		SolutionGuid = {B11405E0-7013-4F2E-BE84-67EE941594A8}
	EndGlobalSection
EndGlobal
